# THIS IS AN AUTOGENERATED FILE. DO NOT EDIT THIS FILE DIRECTLY.
# yarn lockfile v1


angular-ui-router@^0.4.2:
  version "0.4.2"
  resolved "https://registry.yarnpkg.com/angular-ui-router/-/angular-ui-router-0.4.2.tgz#b6aed1ca69a683c82e3992898eabd4ba15868608"
  dependencies:
    angular "^1.0.8"

angular@^1.0.8:
  version "1.6.4"
  resolved "https://registry.yarnpkg.com/angular/-/angular-1.6.4.tgz#03b7b15c01a0802d7e2cf593240e604054dc77fb"

jquery@^3.2.1:
  version "3.2.1"
  resolved "https://registry.yarnpkg.com/jquery/-/jquery-3.2.1.tgz#5c4d9de652af6cd0a770154a631bba12b015c787"
